
Microsoft Visual Studio Solution File, Format Version 12.00
# Visual Studio Version 17
VisualStudioVersion = 17.6.33801.468
MinimumVisualStudioVersion = 10.0.40219.1
Project("{9A19103F-16F7-4668-BE54-9A1E7A4F7556}") = "Engie_API", "Engie_API\Engie_API.csproj", "{410DE9CC-D1A4-461C-B913-9C977795169B}"
EndProject
Project("{2150E333-8FDC-42A3-9474-1A3956D46DE8}") = "Solution Items", "Solution Items", "{D855E87B-1289-4620-9951-C5A8F5E3EAFF}"
	ProjectSection(SolutionItems) = preProject
		.gitignore = .gitignore
	EndProjectSection
EndProject
Global
	GlobalSection(SolutionConfigurationPlatforms) = preSolution
		Debug|Any CPU = Debug|Any CPU
		Release|Any CPU = Release|Any CPU
	EndGlobalSection
	GlobalSection(ProjectConfigurationPlatforms) = postSolution
		{410DE9CC-D1A4-461C-B913-9C977795169B}.Debug|Any CPU.ActiveCfg = Debug|Any CPU
		{410DE9CC-D1A4-461C-B913-9C977795169B}.Debug|Any CPU.Build.0 = Debug|Any CPU
		{410DE9CC-D1A4-461C-B913-9C977795169B}.Release|Any CPU.ActiveCfg = Release|Any CPU
		{410DE9CC-D1A4-461C-B913-9C977795169B}.Release|Any CPU.Build.0 = Release|Any CPU
	EndGlobalSection
	GlobalSection(SolutionProperties) = preSolution
		HideSolutionNode = FALSE
	EndGlobalSection
	GlobalSection(ExtensibilityGlobals) = postSolution
		SolutionGuid = {72BAE84C-D543-42D4-B912-6964F16CD714}
	EndGlobalSection
EndGlobal
